
Microsoft Visual Studio Solution File, Format Version 12.00
# Visual Studio 15
VisualStudioVersion = 15.0.27703.2047
MinimumVisualStudioVersion = 10.0.40219.1
Project("{FAE04EC0-301F-11D3-BF4B-00C04F79EFBC}") = "Assign2", "Assign2\Assign2.csproj", "{43C641A3-10D1-4F2F-87B4-895A907DE209}"
EndProject
Global
	GlobalSection(SolutionConfigurationPlatforms) = preSolution
		Debug|Any CPU = Debug|Any CPU
		Release|Any CPU = Release|Any CPU
	EndGlobalSection
	GlobalSection(ProjectConfigurationPlatforms) = postSolution
		{43C641A3-10D1-4F2F-87B4-895A907DE209}.Debug|Any CPU.ActiveCfg = Debug|Any CPU
		{43C641A3-10D1-4F2F-87B4-895A907DE209}.Debug|Any CPU.Build.0 = Debug|Any CPU
		{43C641A3-10D1-4F2F-87B4-895A907DE209}.Release|Any CPU.ActiveCfg = Release|Any CPU
		{43C641A3-10D1-4F2F-87B4-895A907DE209}.Release|Any CPU.Build.0 = Release|Any CPU
	EndGlobalSection
	GlobalSection(SolutionProperties) = preSolution
		HideSolutionNode = FALSE
	EndGlobalSection
	GlobalSection(ExtensibilityGlobals) = postSolution
		SolutionGuid = {2BAF1024-FEBB-4714-A5DD-1C45F16AA905}
	EndGlobalSection
EndGlobal
